# This file is automatically @generated by Cargo.
# It is not intended for manual editing.
version = 3

[[package]]
name = "autocfg"
version = "1.3.0"
source = "registry+https://github.com/rust-lang/crates.io-index"
checksum = "0c4b4d0bd25bd0b74681c0ad21497610ce1b7c91b1022cd21c80c6fbdd9476b0"

[[package]]
name = "field-offset"
version = "0.3.6"
source = "registry+https://github.com/rust-lang/crates.io-index"
checksum = "38e2275cc4e4fc009b0669731a1e5ab7ebf11f469eaede2bab9309a5b4d6057f"
dependencies = [
 "memoffset",
 "rustc_version",
]

[[package]]
name = "hermit-abi"
version = "0.3.9"
source = "registry+https://github.com/rust-lang/crates.io-index"
checksum = "d231dfb89cfffdbc30e7fc41579ed6066ad03abda9e567ccafae602b97ec5024"

[[package]]
name = "libc"
version = "0.2.155"
source = "registry+https://github.com/rust-lang/crates.io-index"
checksum = "97b3888a4aecf77e811145cadf6eef5901f4782c53886191b2f693f24761847c"

[[package]]
name = "memoffset"
version = "0.9.1"
source = "registry+https://github.com/rust-lang/crates.io-index"
checksum = "488016bfae457b036d996092f6cb448677611ce4449e970ceaf42695203f218a"
dependencies = [
 "autocfg",
]

[[package]]
name = "num_cpus"
version = "1.16.0"
source = "registry+https://github.com/rust-lang/crates.io-index"
checksum = "4161fcb6d602d4d2081af7c3a45852d875a03dd337a6bfdd6e06407b61342a43"
dependencies = [
 "hermit-abi",
 "libc",
]

[[package]]
name = "num_threads"
version = "0.1.7"
source = "registry+https://github.com/rust-lang/crates.io-index"
checksum = "5c7398b9c8b70908f6371f47ed36737907c87c52af34c268fed0bf0ceb92ead9"
dependencies = [
 "libc",
]

[[package]]
name = "rustc_version"
version = "0.4.0"
source = "registry+https://github.com/rust-lang/crates.io-index"
checksum = "bfa0f585226d2e68097d4f95d113b15b83a82e819ab25717ec0590d9584ef366"
dependencies = [
 "semver",
]

[[package]]
name = "semver"
version = "1.0.23"
source = "registry+https://github.com/rust-lang/crates.io-index"
checksum = "61697e0a1c7e512e84a621326239844a24d8207b4669b41bc18b32ea5cbf988b"

[[package]]
name = "thread-amount"
version = "0.1.3"
source = "registry+https://github.com/rust-lang/crates.io-index"
checksum = "cc86d933df90cd5f82409fad4433756fdf5bcc5d0aa2796787df72678e0a2408"
dependencies = [
 "field-offset",
 "windows",
]

[[package]]
name = "thread-demo"
version = "0.1.0"
dependencies = [
 "num_cpus",
 "num_threads",
 "thread-amount",
]

[[package]]
name = "windows"
version = "0.38.0"
source = "registry+https://github.com/rust-lang/crates.io-index"
checksum = "0c47017195a790490df51a3e27f669a7d4f285920d90d03ef970c5d886ef0af1"
dependencies = [
 "windows_aarch64_msvc",
 "windows_i686_gnu",
 "windows_i686_msvc",
 "windows_x86_64_gnu",
 "windows_x86_64_msvc",
]

[[package]]
name = "windows_aarch64_msvc"
version = "0.38.0"
source = "registry+https://github.com/rust-lang/crates.io-index"
checksum = "b12add87e2fb192fff3f4f7e4342b3694785d79f3a64e2c20d5ceb5ccbcfc3cd"

[[package]]
name = "windows_i686_gnu"
version = "0.38.0"
source = "registry+https://github.com/rust-lang/crates.io-index"
checksum = "4c98f2db372c23965c5e0f43896a8f0316dc0fbe48d1aa65bea9bdd295d43c15"

[[package]]
name = "windows_i686_msvc"
version = "0.38.0"
source = "registry+https://github.com/rust-lang/crates.io-index"
checksum = "cdf0569be0f2863ab6a12a6ba841fcfa7d107cbc7545a3ebd57685330db0a3ff"

[[package]]
name = "windows_x86_64_gnu"
version = "0.38.0"
source = "registry+https://github.com/rust-lang/crates.io-index"
checksum = "905858262c8380a36f32cb8c1990d7e7c3b7a8170e58ed9a98ca6d940b7ea9f1"

[[package]]
name = "windows_x86_64_msvc"
version = "0.38.0"
source = "registry+https://github.com/rust-lang/crates.io-index"
checksum = "890c3c6341d441ffb38f705f47196e3665dc6dd79f6d72fa185d937326730561"
